github.com/ermanimer/design-patterns v0.0.0-20211214092539-1ec93d04cf58 h1:nfJE2DlQOz3ctJdAfsvZXDGzvFI2MZU5wItB2ituOfo=
github.com/ermanimer/design-patterns v0.0.0-20211214092539-1ec93d04cf58/go.mod h1:CacDnRztq8iaXeyECX8iahyPXzVpCOlRR4C/vPUln+M=
github.com/google/uuid v1.3.0 h1:t6JiXgmwXMjEs8VusXIJk2BXHsn+wx8BZdTaoZ5fu7I=
github.com/google/uuid v1.3.0/go.mod h1:TIyPZe4MgqvfeYDBFedMoGGpEw/LqOeaOT+nhxU+yHo=
